
Microsoft Visual Studio Solution File, Format Version 12.00
# Visual Studio Version 17
VisualStudioVersion = 17.1.32421.90
MinimumVisualStudioVersion = 10.0.40219.1
Project("{FAE04EC0-301F-11D3-BF4B-00C04F79EFBC}") = "ToDoListApi", "ToDoListApi\ToDoListApi.csproj", "{7A27AAFB-0F02-488C-9F6A-7D9AD712AA73}"
EndProject
Global
	GlobalSection(SolutionConfigurationPlatforms) = preSolution
		Debug|Any CPU = Debug|Any CPU
		Release|Any CPU = Release|Any CPU
	EndGlobalSection
	GlobalSection(ProjectConfigurationPlatforms) = postSolution
		{7A27AAFB-0F02-488C-9F6A-7D9AD712AA73}.Debug|Any CPU.ActiveCfg = Debug|Any CPU
		{7A27AAFB-0F02-488C-9F6A-7D9AD712AA73}.Debug|Any CPU.Build.0 = Debug|Any CPU
		{7A27AAFB-0F02-488C-9F6A-7D9AD712AA73}.Release|Any CPU.ActiveCfg = Release|Any CPU
		{7A27AAFB-0F02-488C-9F6A-7D9AD712AA73}.Release|Any CPU.Build.0 = Release|Any CPU
	EndGlobalSection
	GlobalSection(SolutionProperties) = preSolution
		HideSolutionNode = FALSE
	EndGlobalSection
	GlobalSection(ExtensibilityGlobals) = postSolution
		SolutionGuid = {43B93F09-9169-4DDE-8928-65EE348D4140}
	EndGlobalSection
EndGlobal
